
Microsoft Visual Studio Solution File, Format Version 12.00
# Visual Studio Version 17
VisualStudioVersion = 17.11.35303.130
MinimumVisualStudioVersion = 10.0.40219.1
Project("{FAE04EC0-301F-11D3-BF4B-00C04F79EFBC}") = "Server", "Server\Server.csproj", "{E8896481-A78E-480F-97B8-9071F490F113}"
EndProject
Global
	GlobalSection(SolutionConfigurationPlatforms) = preSolution
		Debug|Any CPU = Debug|Any CPU
		Release|Any CPU = Release|Any CPU
	EndGlobalSection
	GlobalSection(ProjectConfigurationPlatforms) = postSolution
		{E8896481-A78E-480F-97B8-9071F490F113}.Debug|Any CPU.ActiveCfg = Debug|Any CPU
		{E8896481-A78E-480F-97B8-9071F490F113}.Debug|Any CPU.Build.0 = Debug|Any CPU
		{E8896481-A78E-480F-97B8-9071F490F113}.Release|Any CPU.ActiveCfg = Release|Any CPU
		{E8896481-A78E-480F-97B8-9071F490F113}.Release|Any CPU.Build.0 = Release|Any CPU
	EndGlobalSection
	GlobalSection(SolutionProperties) = preSolution
		HideSolutionNode = FALSE
	EndGlobalSection
	GlobalSection(ExtensibilityGlobals) = postSolution
		SolutionGuid = {93D31FE5-4885-46DC-BAB4-F33788B0B431}
	EndGlobalSection
EndGlobal
